// !$*UTF8*$!
{
	archiveVersion = 1;
	classes = {
	};
	objectVersion = 46;
	objects = {

/* Begin PBXBuildFile section */
		A53718B616FF95DF00C6FCCF /* UIKit.framework in Frameworks */ = {isa = PBXBuildFile; fileRef = A53718B516FF95DF00C6FCCF /* UIKit.framework */; };
		A53718B816FF95DF00C6FCCF /* Foundation.framework in Frameworks */ = {isa = PBXBuildFile; fileRef = A53718B716FF95DF00C6FCCF /* Foundation.framework */; };
		A53718BA16FF95DF00C6FCCF /* CoreGraphics.framework in Frameworks */ = {isa = PBXBuildFile; fileRef = A53718B916FF95DF00C6FCCF /* CoreGraphics.framework */; };
		A53718C216FF95DF00C6FCCF /* main.m in Sources */ = {isa = PBXBuildFile; fileRef = A53718C116FF95DF00C6FCCF /* main.m */; };
		A53718C616FF95DF00C6FCCF /* AppDelegate.m in Sources */ = {isa = PBXBuildFile; fileRef = A53718C516FF95DF00C6FCCF /* AppDelegate.m */; };
		A53718C816FF95DF00C6FCCF /* Default.png in Resources */ = {isa = PBXBuildFile; fileRef = A53718C716FF95DF00C6FCCF /* Default.png */; };
		A53718CA16FF95DF00C6FCCF /* Default@2x.png in Resources */ = {isa = PBXBuildFile; fileRef = A53718C916FF95DF00C6FCCF /* Default@2x.png */; };
		A53718CC16FF95DF00C6FCCF /* Default-568h@2x.png in Resources */ = {isa = PBXBuildFile; fileRef = A53718CB16FF95DF00C6FCCF /* Default-568h@2x.png */; };
		A53718CF16FF95DF00C6FCCF /* MainStoryboard.storyboard in Resources */ = {isa = PBXBuildFile; fileRef = A53718CD16FF95DF00C6FCCF /* MainStoryboard.storyboard */; };
		A53718D216FF95DF00C6FCCF /* SMSViewController.m in Sources */ = {isa = PBXBuildFile; fileRef = A53718D116FF95DF00C6FCCF /* SMSViewController.m */; };
		A53718DA16FF95DF00C6FCCF /* SenTestingKit.framework in Frameworks */ = {isa = PBXBuildFile; fileRef = A53718D916FF95DF00C6FCCF /* SenTestingKit.framework */; };
		A53718DB16FF95DF00C6FCCF /* UIKit.framework in Frameworks */ = {isa = PBXBuildFile; fileRef = A53718B516FF95DF00C6FCCF /* UIKit.framework */; };
		A53718DC16FF95DF00C6FCCF /* Foundation.framework in Frameworks */ = {isa = PBXBuildFile; fileRef = A53718B716FF95DF00C6FCCF /* Foundation.framework */; };
		A53718E416FF95DF00C6FCCF /* InfoPlist.strings in Resources */ = {isa = PBXBuildFile; fileRef = A53718E216FF95DF00C6FCCF /* InfoPlist.strings */; };
		A53718E716FF95DF00C6FCCF /* TextSecureiOSTests.m in Sources */ = {isa = PBXBuildFile; fileRef = A53718E616FF95DF00C6FCCF /* TextSecureiOSTests.m */; };
		A53718F116FF98C100C6FCCF /* MessageUI.framework in Frameworks */ = {isa = PBXBuildFile; fileRef = A53718F016FF98C100C6FCCF /* MessageUI.framework */; };
		A53718FF16FFB6F800C6FCCF /* tutorial_ok_button.png in Resources */ = {isa = PBXBuildFile; fileRef = A53718FD16FFB6F800C6FCCF /* tutorial_ok_button.png */; };
		A537190016FFB6F800C6FCCF /* tutorial_ok_button@2x.png in Resources */ = {isa = PBXBuildFile; fileRef = A53718FE16FFB6F800C6FCCF /* tutorial_ok_button@2x.png */; };
		A537190216FFB92C00C6FCCF /* tutorial_tutorial_arrow.png in Resources */ = {isa = PBXBuildFile; fileRef = A537190116FFB92C00C6FCCF /* tutorial_tutorial_arrow.png */; };
		A537190516FFBEE300C6FCCF /* VerificationViewController.m in Sources */ = {isa = PBXBuildFile; fileRef = A537190416FFBEE300C6FCCF /* VerificationViewController.m */; };
		A537190816FFC45C00C6FCCF /* textsecure.png in Resources */ = {isa = PBXBuildFile; fileRef = A537190616FFC45B00C6FCCF /* textsecure.png */; };
		A537190916FFC45C00C6FCCF /* textsecure@2x.png in Resources */ = {isa = PBXBuildFile; fileRef = A537190716FFC45B00C6FCCF /* textsecure@2x.png */; };
		A537190C1700247600C6FCCF /* Server.m in Sources */ = {isa = PBXBuildFile; fileRef = A537190B1700247400C6FCCF /* Server.m */; };
		A537190F1700284900C6FCCF /* Constants.m in Sources */ = {isa = PBXBuildFile; fileRef = A537190E1700284800C6FCCF /* Constants.m */; };
		A537191E17003D1100C6FCCF /* NSObject+SBJSON.m in Sources */ = {isa = PBXBuildFile; fileRef = A537191317003D1100C6FCCF /* NSObject+SBJSON.m */; };
		A537191F17003D1100C6FCCF /* NSString+SBJSON.m in Sources */ = {isa = PBXBuildFile; fileRef = A537191517003D1100C6FCCF /* NSString+SBJSON.m */; };
		A537192017003D1100C6FCCF /* SBJSON.m in Sources */ = {isa = PBXBuildFile; fileRef = A537191717003D1100C6FCCF /* SBJSON.m */; };
		A537192117003D1100C6FCCF /* SBJsonBase.m in Sources */ = {isa = PBXBuildFile; fileRef = A537191917003D1100C6FCCF /* SBJsonBase.m */; };
		A537192217003D1100C6FCCF /* SBJsonParser.m in Sources */ = {isa = PBXBuildFile; fileRef = A537191B17003D1100C6FCCF /* SBJsonParser.m */; };
		A537192317003D1100C6FCCF /* SBJsonWriter.m in Sources */ = {isa = PBXBuildFile; fileRef = A537191D17003D1100C6FCCF /* SBJsonWriter.m */; };
		A53719251700D71B00C6FCCF /* CoreTelephony.framework in Frameworks */ = {isa = PBXBuildFile; fileRef = A53719241700D71A00C6FCCF /* CoreTelephony.framework */; };
		A53719281700DC3300C6FCCF /* CountryViewController.m in Sources */ = {isa = PBXBuildFile; fileRef = A53719271700DC3100C6FCCF /* CountryViewController.m */; };
		A537192E1700FAAB00C6FCCF /* CountryCodes.plist in Resources */ = {isa = PBXBuildFile; fileRef = A537192D1700FAA900C6FCCF /* CountryCodes.plist */; };
/* End PBXBuildFile section */

/* Begin PBXContainerItemProxy section */
		A53718DD16FF95DF00C6FCCF /* PBXContainerItemProxy */ = {
			isa = PBXContainerItemProxy;
			containerPortal = A53718AA16FF95DF00C6FCCF /* Project object */;
			proxyType = 1;
			remoteGlobalIDString = A53718B116FF95DF00C6FCCF;
			remoteInfo = TextSecureiOS;
		};
/* End PBXContainerItemProxy section */

/* Begin PBXFileReference section */
		A53718B216FF95DF00C6FCCF /* TextSecureiOS.app */ = {isa = PBXFileReference; explicitFileType = wrapper.application; includeInIndex = 0; path = TextSecureiOS.app; sourceTree = BUILT_PRODUCTS_DIR; };
		A53718B516FF95DF00C6FCCF /* UIKit.framework */ = {isa = PBXFileReference; lastKnownFileType = wrapper.framework; name = UIKit.framework; path = System/Library/Frameworks/UIKit.framework; sourceTree = SDKROOT; };
		A53718B716FF95DF00C6FCCF /* Foundation.framework */ = {isa = PBXFileReference; lastKnownFileType = wrapper.framework; name = Foundation.framework; path = System/Library/Frameworks/Foundation.framework; sourceTree = SDKROOT; };
		A53718B916FF95DF00C6FCCF /* CoreGraphics.framework */ = {isa = PBXFileReference; lastKnownFileType = wrapper.framework; name = CoreGraphics.framework; path = System/Library/Frameworks/CoreGraphics.framework; sourceTree = SDKROOT; };
		A53718C116FF95DF00C6FCCF /* main.m */ = {isa = PBXFileReference; lastKnownFileType = sourcecode.c.objc; path = main.m; sourceTree = "<group>"; };
		A53718C316FF95DF00C6FCCF /* TextSecureiOS-Prefix.pch */ = {isa = PBXFileReference; lastKnownFileType = sourcecode.c.h; path = "TextSecureiOS-Prefix.pch"; sourceTree = "<group>"; };
		A53718C416FF95DF00C6FCCF /* AppDelegate.h */ = {isa = PBXFileReference; lastKnownFileType = sourcecode.c.h; path = AppDelegate.h; sourceTree = "<group>"; };
		A53718C516FF95DF00C6FCCF /* AppDelegate.m */ = {isa = PBXFileReference; lastKnownFileType = sourcecode.c.objc; path = AppDelegate.m; sourceTree = "<group>"; };
		A53718C716FF95DF00C6FCCF /* Default.png */ = {isa = PBXFileReference; lastKnownFileType = image.png; path = Default.png; sourceTree = "<group>"; };
		A53718C916FF95DF00C6FCCF /* Default@2x.png */ = {isa = PBXFileReference; lastKnownFileType = image.png; path = "Default@2x.png"; sourceTree = "<group>"; };
		A53718CB16FF95DF00C6FCCF /* Default-568h@2x.png */ = {isa = PBXFileReference; lastKnownFileType = image.png; path = "Default-568h@2x.png"; sourceTree = "<group>"; };
		A53718CE16FF95DF00C6FCCF /* en */ = {isa = PBXFileReference; lastKnownFileType = file.storyboard; name = en; path = en.lproj/MainStoryboard.storyboard; sourceTree = "<group>"; };
		A53718D016FF95DF00C6FCCF /* SMSViewController.h */ = {isa = PBXFileReference; lastKnownFileType = sourcecode.c.h; path = SMSViewController.h; sourceTree = "<group>"; };
		A53718D116FF95DF00C6FCCF /* SMSViewController.m */ = {isa = PBXFileReference; lastKnownFileType = sourcecode.c.objc; path = SMSViewController.m; sourceTree = "<group>"; };
		A53718D816FF95DF00C6FCCF /* TextSecureiOSTests.octest */ = {isa = PBXFileReference; explicitFileType = wrapper.cfbundle; includeInIndex = 0; path = TextSecureiOSTests.octest; sourceTree = BUILT_PRODUCTS_DIR; };
		A53718D916FF95DF00C6FCCF /* SenTestingKit.framework */ = {isa = PBXFileReference; lastKnownFileType = wrapper.framework; name = SenTestingKit.framework; path = Library/Frameworks/SenTestingKit.framework; sourceTree = DEVELOPER_DIR; };
		A53718E116FF95DF00C6FCCF /* TextSecureiOSTests-Info.plist */ = {isa = PBXFileReference; lastKnownFileType = text.plist.xml; path = "TextSecureiOSTests-Info.plist"; sourceTree = "<group>"; };
		A53718E316FF95DF00C6FCCF /* en */ = {isa = PBXFileReference; lastKnownFileType = text.plist.strings; name = en; path = en.lproj/InfoPlist.strings; sourceTree = "<group>"; };
		A53718E516FF95DF00C6FCCF /* TextSecureiOSTests.h */ = {isa = PBXFileReference; lastKnownFileType = sourcecode.c.h; path = TextSecureiOSTests.h; sourceTree = "<group>"; };
		A53718E616FF95DF00C6FCCF /* TextSecureiOSTests.m */ = {isa = PBXFileReference; lastKnownFileType = sourcecode.c.objc; path = TextSecureiOSTests.m; sourceTree = "<group>"; };
		A53718F016FF98C100C6FCCF /* MessageUI.framework */ = {isa = PBXFileReference; lastKnownFileType = wrapper.framework; name = MessageUI.framework; path = System/Library/Frameworks/MessageUI.framework; sourceTree = SDKROOT; };
		A53718FB16FFA12000C6FCCF /* TextSecureiOS-Info.plist */ = {isa = PBXFileReference; lastKnownFileType = text.plist.xml; path = "TextSecureiOS-Info.plist"; sourceTree = "<group>"; };
		A53718FD16FFB6F800C6FCCF /* tutorial_ok_button.png */ = {isa = PBXFileReference; lastKnownFileType = image.png; name = tutorial_ok_button.png; path = TextSecureiOSAssets/tutorial_ok_button.png; sourceTree = "<group>"; };
		A53718FE16FFB6F800C6FCCF /* tutorial_ok_button@2x.png */ = {isa = PBXFileReference; lastKnownFileType = image.png; name = "tutorial_ok_button@2x.png"; path = "TextSecureiOSAssets/tutorial_ok_button@2x.png"; sourceTree = "<group>"; };
		A537190116FFB92C00C6FCCF /* tutorial_tutorial_arrow.png */ = {isa = PBXFileReference; lastKnownFileType = image.png; name = tutorial_tutorial_arrow.png; path = TextSecureiOSAssets/tutorial_tutorial_arrow.png; sourceTree = "<group>"; };
		A537190316FFBEE200C6FCCF /* VerificationViewController.h */ = {isa = PBXFileReference; fileEncoding = 4; lastKnownFileType = sourcecode.c.h; path = VerificationViewController.h; sourceTree = "<group>"; };
		A537190416FFBEE300C6FCCF /* VerificationViewController.m */ = {isa = PBXFileReference; fileEncoding = 4; lastKnownFileType = sourcecode.c.objc; path = VerificationViewController.m; sourceTree = "<group>"; };
		A537190616FFC45B00C6FCCF /* textsecure.png */ = {isa = PBXFileReference; lastKnownFileType = image.png; name = textsecure.png; path = TextSecureiOSAssets/MainIcon/textsecure.png; sourceTree = "<group>"; };
		A537190716FFC45B00C6FCCF /* textsecure@2x.png */ = {isa = PBXFileReference; lastKnownFileType = image.png; name = "textsecure@2x.png"; path = "TextSecureiOSAssets/MainIcon/textsecure@2x.png"; sourceTree = "<group>"; };
		A537190A1700247400C6FCCF /* Server.h */ = {isa = PBXFileReference; fileEncoding = 4; lastKnownFileType = sourcecode.c.h; path = Server.h; sourceTree = "<group>"; };
		A537190B1700247400C6FCCF /* Server.m */ = {isa = PBXFileReference; fileEncoding = 4; lastKnownFileType = sourcecode.c.objc; path = Server.m; sourceTree = "<group>"; };
		A537190D1700284800C6FCCF /* Constants.h */ = {isa = PBXFileReference; fileEncoding = 4; lastKnownFileType = sourcecode.c.h; path = Constants.h; sourceTree = "<group>"; };
		A537190E1700284800C6FCCF /* Constants.m */ = {isa = PBXFileReference; fileEncoding = 4; lastKnownFileType = sourcecode.c.objc; path = Constants.m; sourceTree = "<group>"; };
		A537191117003D1100C6FCCF /* JSON.h */ = {isa = PBXFileReference; fileEncoding = 4; lastKnownFileType = sourcecode.c.h; path = JSON.h; sourceTree = "<group>"; };
		A537191217003D1100C6FCCF /* NSObject+SBJSON.h */ = {isa = PBXFileReference; fileEncoding = 4; lastKnownFileType = sourcecode.c.h; path = "NSObject+SBJSON.h"; sourceTree = "<group>"; };
		A537191317003D1100C6FCCF /* NSObject+SBJSON.m */ = {isa = PBXFileReference; fileEncoding = 4; lastKnownFileType = sourcecode.c.objc; path = "NSObject+SBJSON.m"; sourceTree = "<group>"; };
		A537191417003D1100C6FCCF /* NSString+SBJSON.h */ = {isa = PBXFileReference; fileEncoding = 4; lastKnownFileType = sourcecode.c.h; path = "NSString+SBJSON.h"; sourceTree = "<group>"; };
		A537191517003D1100C6FCCF /* NSString+SBJSON.m */ = {isa = PBXFileReference; fileEncoding = 4; lastKnownFileType = sourcecode.c.objc; path = "NSString+SBJSON.m"; sourceTree = "<group>"; };
		A537191617003D1100C6FCCF /* SBJSON.h */ = {isa = PBXFileReference; fileEncoding = 4; lastKnownFileType = sourcecode.c.h; path = SBJSON.h; sourceTree = "<group>"; };
		A537191717003D1100C6FCCF /* SBJSON.m */ = {isa = PBXFileReference; fileEncoding = 4; lastKnownFileType = sourcecode.c.objc; path = SBJSON.m; sourceTree = "<group>"; };
		A537191817003D1100C6FCCF /* SBJsonBase.h */ = {isa = PBXFileReference; fileEncoding = 4; lastKnownFileType = sourcecode.c.h; path = SBJsonBase.h; sourceTree = "<group>"; };
		A537191917003D1100C6FCCF /* SBJsonBase.m */ = {isa = PBXFileReference; fileEncoding = 4; lastKnownFileType = sourcecode.c.objc; path = SBJsonBase.m; sourceTree = "<group>"; };
		A537191A17003D1100C6FCCF /* SBJsonParser.h */ = {isa = PBXFileReference; fileEncoding = 4; lastKnownFileType = sourcecode.c.h; path = SBJsonParser.h; sourceTree = "<group>"; };
		A537191B17003D1100C6FCCF /* SBJsonParser.m */ = {isa = PBXFileReference; fileEncoding = 4; lastKnownFileType = sourcecode.c.objc; path = SBJsonParser.m; sourceTree = "<group>"; };
		A537191C17003D1100C6FCCF /* SBJsonWriter.h */ = {isa = PBXFileReference; fileEncoding = 4; lastKnownFileType = sourcecode.c.h; path = SBJsonWriter.h; sourceTree = "<group>"; };
		A537191D17003D1100C6FCCF /* SBJsonWriter.m */ = {isa = PBXFileReference; fileEncoding = 4; lastKnownFileType = sourcecode.c.objc; path = SBJsonWriter.m; sourceTree = "<group>"; };
		A53719241700D71A00C6FCCF /* CoreTelephony.framework */ = {isa = PBXFileReference; lastKnownFileType = wrapper.framework; name = CoreTelephony.framework; path = System/Library/Frameworks/CoreTelephony.framework; sourceTree = SDKROOT; };
		A53719261700DC2F00C6FCCF /* CountryViewController.h */ = {isa = PBXFileReference; fileEncoding = 4; lastKnownFileType = sourcecode.c.h; path = CountryViewController.h; sourceTree = "<group>"; };
		A53719271700DC3100C6FCCF /* CountryViewController.m */ = {isa = PBXFileReference; fileEncoding = 4; lastKnownFileType = sourcecode.c.objc; path = CountryViewController.m; sourceTree = "<group>"; };
		A537192D1700FAA900C6FCCF /* CountryCodes.plist */ = {isa = PBXFileReference; fileEncoding = 4; lastKnownFileType = text.plist.xml; path = CountryCodes.plist; sourceTree = "<group>"; };
/* End PBXFileReference section */

/* Begin PBXFrameworksBuildPhase section */
		A53718AF16FF95DF00C6FCCF /* Frameworks */ = {
			isa = PBXFrameworksBuildPhase;
			buildActionMask = 2147483647;
			files = (
				A53719251700D71B00C6FCCF /* CoreTelephony.framework in Frameworks */,
				A53718F116FF98C100C6FCCF /* MessageUI.framework in Frameworks */,
				A53718B616FF95DF00C6FCCF /* UIKit.framework in Frameworks */,
				A53718B816FF95DF00C6FCCF /* Foundation.framework in Frameworks */,
				A53718BA16FF95DF00C6FCCF /* CoreGraphics.framework in Frameworks */,
			);
			runOnlyForDeploymentPostprocessing = 0;
		};
		A53718D416FF95DF00C6FCCF /* Frameworks */ = {
			isa = PBXFrameworksBuildPhase;
			buildActionMask = 2147483647;
			files = (
				A53718DA16FF95DF00C6FCCF /* SenTestingKit.framework in Frameworks */,
				A53718DB16FF95DF00C6FCCF /* UIKit.framework in Frameworks */,
				A53718DC16FF95DF00C6FCCF /* Foundation.framework in Frameworks */,
			);
			runOnlyForDeploymentPostprocessing = 0;
		};
/* End PBXFrameworksBuildPhase section */

/* Begin PBXGroup section */
		A53718A916FF95DF00C6FCCF = {
			isa = PBXGroup;
			children = (
				A53718BB16FF95DF00C6FCCF /* TextSecureiOS */,
				A53718DF16FF95DF00C6FCCF /* TextSecureiOSTests */,
				A53718B416FF95DF00C6FCCF /* Frameworks */,
				A53718B316FF95DF00C6FCCF /* Products */,
			);
			sourceTree = "<group>";
		};
		A53718B316FF95DF00C6FCCF /* Products */ = {
			isa = PBXGroup;
			children = (
				A53718B216FF95DF00C6FCCF /* TextSecureiOS.app */,
				A53718D816FF95DF00C6FCCF /* TextSecureiOSTests.octest */,
			);
			name = Products;
			sourceTree = "<group>";
		};
		A53718B416FF95DF00C6FCCF /* Frameworks */ = {
			isa = PBXGroup;
			children = (
				A53719241700D71A00C6FCCF /* CoreTelephony.framework */,
				A53718F016FF98C100C6FCCF /* MessageUI.framework */,
				A53718B516FF95DF00C6FCCF /* UIKit.framework */,
				A53718B716FF95DF00C6FCCF /* Foundation.framework */,
				A53718B916FF95DF00C6FCCF /* CoreGraphics.framework */,
				A53718D916FF95DF00C6FCCF /* SenTestingKit.framework */,
			);
			name = Frameworks;
			sourceTree = "<group>";
		};
		A53718BB16FF95DF00C6FCCF /* TextSecureiOS */ = {
			isa = PBXGroup;
			children = (
				A537191017003D1000C6FCCF /* JSON */,
				A53718C416FF95DF00C6FCCF /* AppDelegate.h */,
				A53718C516FF95DF00C6FCCF /* AppDelegate.m */,
				A53718CD16FF95DF00C6FCCF /* MainStoryboard.storyboard */,
				A53718D016FF95DF00C6FCCF /* SMSViewController.h */,
				A53718D116FF95DF00C6FCCF /* SMSViewController.m */,
				A537190A1700247400C6FCCF /* Server.h */,
				A537190B1700247400C6FCCF /* Server.m */,
				A537190D1700284800C6FCCF /* Constants.h */,
				A537190E1700284800C6FCCF /* Constants.m */,
				A537190316FFBEE200C6FCCF /* VerificationViewController.h */,
				A537190416FFBEE300C6FCCF /* VerificationViewController.m */,
				A53719261700DC2F00C6FCCF /* CountryViewController.h */,
				A53719271700DC3100C6FCCF /* CountryViewController.m */,
				A53718BC16FF95DF00C6FCCF /* Supporting Files */,
			);
			path = TextSecureiOS;
			sourceTree = "<group>";
		};
		A53718BC16FF95DF00C6FCCF /* Supporting Files */ = {
			isa = PBXGroup;
			children = (
				A537192D1700FAA900C6FCCF /* CountryCodes.plist */,
				A53718FC16FFB6E600C6FCCF /* Assets */,
				A53718FB16FFA12000C6FCCF /* TextSecureiOS-Info.plist */,
				A53718C116FF95DF00C6FCCF /* main.m */,
				A53718C316FF95DF00C6FCCF /* TextSecureiOS-Prefix.pch */,
				A53718C716FF95DF00C6FCCF /* Default.png */,
				A53718C916FF95DF00C6FCCF /* Default@2x.png */,
				A53718CB16FF95DF00C6FCCF /* Default-568h@2x.png */,
			);
			name = "Supporting Files";
			sourceTree = "<group>";
		};
		A53718DF16FF95DF00C6FCCF /* TextSecureiOSTests */ = {
			isa = PBXGroup;
			children = (
				A53718E516FF95DF00C6FCCF /* TextSecureiOSTests.h */,
				A53718E616FF95DF00C6FCCF /* TextSecureiOSTests.m */,
				A53718E016FF95DF00C6FCCF /* Supporting Files */,
			);
			path = TextSecureiOSTests;
			sourceTree = "<group>";
		};
		A53718E016FF95DF00C6FCCF /* Supporting Files */ = {
			isa = PBXGroup;
			children = (
				A53718E116FF95DF00C6FCCF /* TextSecureiOSTests-Info.plist */,
				A53718E216FF95DF00C6FCCF /* InfoPlist.strings */,
			);
			name = "Supporting Files";
			sourceTree = "<group>";
		};
		A53718FC16FFB6E600C6FCCF /* Assets */ = {
			isa = PBXGroup;
			children = (
				A537190616FFC45B00C6FCCF /* textsecure.png */,
				A537190716FFC45B00C6FCCF /* textsecure@2x.png */,
				A537190116FFB92C00C6FCCF /* tutorial_tutorial_arrow.png */,
				A53718FD16FFB6F800C6FCCF /* tutorial_ok_button.png */,
				A53718FE16FFB6F800C6FCCF /* tutorial_ok_button@2x.png */,
			);
			name = Assets;
			sourceTree = "<group>";
		};
		A537191017003D1000C6FCCF /* JSON */ = {
			isa = PBXGroup;
			children = (
				A537191117003D1100C6FCCF /* JSON.h */,
				A537191217003D1100C6FCCF /* NSObject+SBJSON.h */,
				A537191317003D1100C6FCCF /* NSObject+SBJSON.m */,
				A537191417003D1100C6FCCF /* NSString+SBJSON.h */,
				A537191517003D1100C6FCCF /* NSString+SBJSON.m */,
				A537191617003D1100C6FCCF /* SBJSON.h */,
				A537191717003D1100C6FCCF /* SBJSON.m */,
				A537191817003D1100C6FCCF /* SBJsonBase.h */,
				A537191917003D1100C6FCCF /* SBJsonBase.m */,
				A537191A17003D1100C6FCCF /* SBJsonParser.h */,
				A537191B17003D1100C6FCCF /* SBJsonParser.m */,
				A537191C17003D1100C6FCCF /* SBJsonWriter.h */,
				A537191D17003D1100C6FCCF /* SBJsonWriter.m */,
			);
			path = JSON;
			sourceTree = "<group>";
		};
/* End PBXGroup section */

/* Begin PBXNativeTarget section */
		A53718B116FF95DF00C6FCCF /* TextSecureiOS */ = {
			isa = PBXNativeTarget;
			buildConfigurationList = A53718EA16FF95DF00C6FCCF /* Build configuration list for PBXNativeTarget "TextSecureiOS" */;
			buildPhases = (
				A53718AE16FF95DF00C6FCCF /* Sources */,
				A53718AF16FF95DF00C6FCCF /* Frameworks */,
				A53718B016FF95DF00C6FCCF /* Resources */,
			);
			buildRules = (
			);
			dependencies = (
			);
			name = TextSecureiOS;
			productName = TextSecureiOS;
			productReference = A53718B216FF95DF00C6FCCF /* TextSecureiOS.app */;
			productType = "com.apple.product-type.application";
		};
		A53718D716FF95DF00C6FCCF /* TextSecureiOSTests */ = {
			isa = PBXNativeTarget;
			buildConfigurationList = A53718ED16FF95DF00C6FCCF /* Build configuration list for PBXNativeTarget "TextSecureiOSTests" */;
			buildPhases = (
				A53718D316FF95DF00C6FCCF /* Sources */,
				A53718D416FF95DF00C6FCCF /* Frameworks */,
				A53718D516FF95DF00C6FCCF /* Resources */,
				A53718D616FF95DF00C6FCCF /* ShellScript */,
			);
			buildRules = (
			);
			dependencies = (
				A53718DE16FF95DF00C6FCCF /* PBXTargetDependency */,
			);
			name = TextSecureiOSTests;
			productName = TextSecureiOSTests;
			productReference = A53718D816FF95DF00C6FCCF /* TextSecureiOSTests.octest */;
			productType = "com.apple.product-type.bundle";
		};
/* End PBXNativeTarget section */

/* Begin PBXProject section */
		A53718AA16FF95DF00C6FCCF /* Project object */ = {
			isa = PBXProject;
			attributes = {
				LastUpgradeCheck = 0460;
				ORGANIZATIONNAME = "Open Whisper Systems";
			};
			buildConfigurationList = A53718AD16FF95DF00C6FCCF /* Build configuration list for PBXProject "TextSecureiOS" */;
			compatibilityVersion = "Xcode 3.2";
			developmentRegion = English;
			hasScannedForEncodings = 0;
			knownRegions = (
				en,
			);
			mainGroup = A53718A916FF95DF00C6FCCF;
			productRefGroup = A53718B316FF95DF00C6FCCF /* Products */;
			projectDirPath = "";
			projectRoot = "";
			targets = (
				A53718B116FF95DF00C6FCCF /* TextSecureiOS */,
				A53718D716FF95DF00C6FCCF /* TextSecureiOSTests */,
			);
		};
/* End PBXProject section */

/* Begin PBXResourcesBuildPhase section */
		A53718B016FF95DF00C6FCCF /* Resources */ = {
			isa = PBXResourcesBuildPhase;
			buildActionMask = 2147483647;
			files = (
				A53718C816FF95DF00C6FCCF /* Default.png in Resources */,
				A53718CA16FF95DF00C6FCCF /* Default@2x.png in Resources */,
				A53718CC16FF95DF00C6FCCF /* Default-568h@2x.png in Resources */,
				A53718CF16FF95DF00C6FCCF /* MainStoryboard.storyboard in Resources */,
				A53718FF16FFB6F800C6FCCF /* tutorial_ok_button.png in Resources */,
				A537190016FFB6F800C6FCCF /* tutorial_ok_button@2x.png in Resources */,
				A537190216FFB92C00C6FCCF /* tutorial_tutorial_arrow.png in Resources */,
				A537190816FFC45C00C6FCCF /* textsecure.png in Resources */,
				A537190916FFC45C00C6FCCF /* textsecure@2x.png in Resources */,
				A537192E1700FAAB00C6FCCF /* CountryCodes.plist in Resources */,
			);
			runOnlyForDeploymentPostprocessing = 0;
		};
		A53718D516FF95DF00C6FCCF /* Resources */ = {
			isa = PBXResourcesBuildPhase;
			buildActionMask = 2147483647;
			files = (
				A53718E416FF95DF00C6FCCF /* InfoPlist.strings in Resources */,
			);
			runOnlyForDeploymentPostprocessing = 0;
		};
/* End PBXResourcesBuildPhase section */

/* Begin PBXShellScriptBuildPhase section */
		A53718D616FF95DF00C6FCCF /* ShellScript */ = {
			isa = PBXShellScriptBuildPhase;
			buildActionMask = 2147483647;
			files = (
			);
			inputPaths = (
			);
			outputPaths = (
			);
			runOnlyForDeploymentPostprocessing = 0;
			shellPath = /bin/sh;
			shellScript = "# Run the unit tests in this test bundle.\n\"${SYSTEM_DEVELOPER_DIR}/Tools/RunUnitTests\"\n";
		};
/* End PBXShellScriptBuildPhase section */

/* Begin PBXSourcesBuildPhase section */
		A53718AE16FF95DF00C6FCCF /* Sources */ = {
			isa = PBXSourcesBuildPhase;
			buildActionMask = 2147483647;
			files = (
				A53718C216FF95DF00C6FCCF /* main.m in Sources */,
				A53718C616FF95DF00C6FCCF /* AppDelegate.m in Sources */,
				A53718D216FF95DF00C6FCCF /* SMSViewController.m in Sources */,
				A537190516FFBEE300C6FCCF /* VerificationViewController.m in Sources */,
				A537190C1700247600C6FCCF /* Server.m in Sources */,
				A537190F1700284900C6FCCF /* Constants.m in Sources */,
				A537191E17003D1100C6FCCF /* NSObject+SBJSON.m in Sources */,
				A537191F17003D1100C6FCCF /* NSString+SBJSON.m in Sources */,
				A537192017003D1100C6FCCF /* SBJSON.m in Sources */,
				A537192117003D1100C6FCCF /* SBJsonBase.m in Sources */,
				A537192217003D1100C6FCCF /* SBJsonParser.m in Sources */,
				A537192317003D1100C6FCCF /* SBJsonWriter.m in Sources */,
				A53719281700DC3300C6FCCF /* CountryViewController.m in Sources */,
			);
			runOnlyForDeploymentPostprocessing = 0;
		};
		A53718D316FF95DF00C6FCCF /* Sources */ = {
			isa = PBXSourcesBuildPhase;
			buildActionMask = 2147483647;
			files = (
				A53718E716FF95DF00C6FCCF /* TextSecureiOSTests.m in Sources */,
			);
			runOnlyForDeploymentPostprocessing = 0;
		};
/* End PBXSourcesBuildPhase section */

/* Begin PBXTargetDependency section */
		A53718DE16FF95DF00C6FCCF /* PBXTargetDependency */ = {
			isa = PBXTargetDependency;
			target = A53718B116FF95DF00C6FCCF /* TextSecureiOS */;
			targetProxy = A53718DD16FF95DF00C6FCCF /* PBXContainerItemProxy */;
		};
/* End PBXTargetDependency section */

/* Begin PBXVariantGroup section */
		A53718CD16FF95DF00C6FCCF /* MainStoryboard.storyboard */ = {
			isa = PBXVariantGroup;
			children = (
				A53718CE16FF95DF00C6FCCF /* en */,
			);
			name = MainStoryboard.storyboard;
			sourceTree = "<group>";
		};
		A53718E216FF95DF00C6FCCF /* InfoPlist.strings */ = {
			isa = PBXVariantGroup;
			children = (
				A53718E316FF95DF00C6FCCF /* en */,
			);
			name = InfoPlist.strings;
			sourceTree = "<group>";
		};
/* End PBXVariantGroup section */

/* Begin XCBuildConfiguration section */
		A53718E816FF95DF00C6FCCF /* Debug */ = {
			isa = XCBuildConfiguration;
			buildSettings = {
				ALWAYS_SEARCH_USER_PATHS = NO;
				CLANG_CXX_LANGUAGE_STANDARD = "gnu++0x";
				CLANG_CXX_LIBRARY = "libc++";
				CLANG_ENABLE_OBJC_ARC = YES;
				CLANG_WARN_CONSTANT_CONVERSION = YES;
				CLANG_WARN_EMPTY_BODY = YES;
				CLANG_WARN_ENUM_CONVERSION = YES;
				CLANG_WARN_INT_CONVERSION = YES;
				CLANG_WARN__DUPLICATE_METHOD_MATCH = YES;
				"CODE_SIGN_IDENTITY[sdk=iphoneos*]" = "iPhone Developer";
				COPY_PHASE_STRIP = NO;
				GCC_C_LANGUAGE_STANDARD = gnu99;
				GCC_DYNAMIC_NO_PIC = NO;
				GCC_OPTIMIZATION_LEVEL = 0;
				GCC_PREPROCESSOR_DEFINITIONS = (
					"DEBUG=1",
					"$(inherited)",
				);
				GCC_SYMBOLS_PRIVATE_EXTERN = NO;
				GCC_WARN_ABOUT_RETURN_TYPE = YES;
				GCC_WARN_UNINITIALIZED_AUTOS = YES;
				GCC_WARN_UNUSED_VARIABLE = YES;
				IPHONEOS_DEPLOYMENT_TARGET = 6.1;
				ONLY_ACTIVE_ARCH = YES;
				SDKROOT = iphoneos;
			};
			name = Debug;
		};
		A53718E916FF95DF00C6FCCF /* Release */ = {
			isa = XCBuildConfiguration;
			buildSettings = {
				ALWAYS_SEARCH_USER_PATHS = NO;
				CLANG_CXX_LANGUAGE_STANDARD = "gnu++0x";
				CLANG_CXX_LIBRARY = "libc++";
				CLANG_ENABLE_OBJC_ARC = YES;
				CLANG_WARN_CONSTANT_CONVERSION = YES;
				CLANG_WARN_EMPTY_BODY = YES;
				CLANG_WARN_ENUM_CONVERSION = YES;
				CLANG_WARN_INT_CONVERSION = YES;
				CLANG_WARN__DUPLICATE_METHOD_MATCH = YES;
				"CODE_SIGN_IDENTITY[sdk=iphoneos*]" = "iPhone Developer";
				COPY_PHASE_STRIP = YES;
				GCC_C_LANGUAGE_STANDARD = gnu99;
				GCC_WARN_ABOUT_RETURN_TYPE = YES;
				GCC_WARN_UNINITIALIZED_AUTOS = YES;
				GCC_WARN_UNUSED_VARIABLE = YES;
				IPHONEOS_DEPLOYMENT_TARGET = 6.1;
				OTHER_CFLAGS = "-DNS_BLOCK_ASSERTIONS=1";
				SDKROOT = iphoneos;
				VALIDATE_PRODUCT = YES;
			};
			name = Release;
		};
		A53718EB16FF95DF00C6FCCF /* Debug */ = {
			isa = XCBuildConfiguration;
			buildSettings = {
				GCC_PRECOMPILE_PREFIX_HEADER = YES;
				GCC_PREFIX_HEADER = "TextSecureiOS/TextSecureiOS-Prefix.pch";
				INFOPLIST_FILE = "TextSecureiOS/TextSecureiOS-Info.plist";
				PRODUCT_NAME = "$(TARGET_NAME)";
				WRAPPER_EXTENSION = app;
			};
			name = Debug;
		};
		A53718EC16FF95DF00C6FCCF /* Release */ = {
			isa = XCBuildConfiguration;
			buildSettings = {
				GCC_PRECOMPILE_PREFIX_HEADER = YES;
				GCC_PREFIX_HEADER = "TextSecureiOS/TextSecureiOS-Prefix.pch";
				INFOPLIST_FILE = "TextSecureiOS/TextSecureiOS-Info.plist";
				PRODUCT_NAME = "$(TARGET_NAME)";
				WRAPPER_EXTENSION = app;
			};
			name = Release;
		};
		A53718EE16FF95DF00C6FCCF /* Debug */ = {
			isa = XCBuildConfiguration;
			buildSettings = {
				BUNDLE_LOADER = "$(BUILT_PRODUCTS_DIR)/TextSecureiOS.app/TextSecureiOS";
				FRAMEWORK_SEARCH_PATHS = (
					"\"$(SDKROOT)/Developer/Library/Frameworks\"",
					"\"$(DEVELOPER_LIBRARY_DIR)/Frameworks\"",
				);
				GCC_PRECOMPILE_PREFIX_HEADER = YES;
				GCC_PREFIX_HEADER = "TextSecureiOS/TextSecureiOS-Prefix.pch";
				INFOPLIST_FILE = "TextSecureiOSTests/TextSecureiOSTests-Info.plist";
				PRODUCT_NAME = "$(TARGET_NAME)";
				TEST_HOST = "$(BUNDLE_LOADER)";
				WRAPPER_EXTENSION = octest;
			};
			name = Debug;
		};
		A53718EF16FF95DF00C6FCCF /* Release */ = {
			isa = XCBuildConfiguration;
			buildSettings = {
				BUNDLE_LOADER = "$(BUILT_PRODUCTS_DIR)/TextSecureiOS.app/TextSecureiOS";
				FRAMEWORK_SEARCH_PATHS = (
					"\"$(SDKROOT)/Developer/Library/Frameworks\"",
					"\"$(DEVELOPER_LIBRARY_DIR)/Frameworks\"",
				);
				GCC_PRECOMPILE_PREFIX_HEADER = YES;
				GCC_PREFIX_HEADER = "TextSecureiOS/TextSecureiOS-Prefix.pch";
				INFOPLIST_FILE = "TextSecureiOSTests/TextSecureiOSTests-Info.plist";
				PRODUCT_NAME = "$(TARGET_NAME)";
				TEST_HOST = "$(BUNDLE_LOADER)";
				WRAPPER_EXTENSION = octest;
			};
			name = Release;
		};
/* End XCBuildConfiguration section */

/* Begin XCConfigurationList section */
		A53718AD16FF95DF00C6FCCF /* Build configuration list for PBXProject "TextSecureiOS" */ = {
			isa = XCConfigurationList;
			buildConfigurations = (
				A53718E816FF95DF00C6FCCF /* Debug */,
				A53718E916FF95DF00C6FCCF /* Release */,
			);
			defaultConfigurationIsVisible = 0;
			defaultConfigurationName = Release;
		};
		A53718EA16FF95DF00C6FCCF /* Build configuration list for PBXNativeTarget "TextSecureiOS" */ = {
			isa = XCConfigurationList;
			buildConfigurations = (
				A53718EB16FF95DF00C6FCCF /* Debug */,
				A53718EC16FF95DF00C6FCCF /* Release */,
			);
			defaultConfigurationIsVisible = 0;
		};
		A53718ED16FF95DF00C6FCCF /* Build configuration list for PBXNativeTarget "TextSecureiOSTests" */ = {
			isa = XCConfigurationList;
			buildConfigurations = (
				A53718EE16FF95DF00C6FCCF /* Debug */,
				A53718EF16FF95DF00C6FCCF /* Release */,
			);
			defaultConfigurationIsVisible = 0;
		};
/* End XCConfigurationList section */
	};
	rootObject = A53718AA16FF95DF00C6FCCF /* Project object */;
}
